// !$*UTF8*$!
{
	archiveVersion = 1;
	classes = {
	};
	objectVersion = 52;
	objects = {

/* Begin PBXBuildFile section */
		242D3D8426F0154C006C5852 /* AppDelegate.swift in Sources */ = {isa = PBXBuildFile; fileRef = 242D3D8326F0154C006C5852 /* AppDelegate.swift */; };
		242D3D8626F0154C006C5852 /* SceneDelegate.swift in Sources */ = {isa = PBXBuildFile; fileRef = 242D3D8526F0154C006C5852 /* SceneDelegate.swift */; };
		242D3D8B26F0154C006C5852 /* Main.storyboard in Resources */ = {isa = PBXBuildFile; fileRef = 242D3D8926F0154C006C5852 /* Main.storyboard */; };
		242D3D8D26F01556006C5852 /* Assets.xcassets in Resources */ = {isa = PBXBuildFile; fileRef = 242D3D8C26F01556006C5852 /* Assets.xcassets */; };
		242D3D9026F01556006C5852 /* LaunchScreen.storyboard in Resources */ = {isa = PBXBuildFile; fileRef = 242D3D8E26F01556006C5852 /* LaunchScreen.storyboard */; };
		242D3D9B26F01556006C5852 /* FlixsterTests.swift in Sources */ = {isa = PBXBuildFile; fileRef = 242D3D9A26F01556006C5852 /* FlixsterTests.swift */; };
		242D3DA626F01557006C5852 /* FlixsterUITests.swift in Sources */ = {isa = PBXBuildFile; fileRef = 242D3DA526F01557006C5852 /* FlixsterUITests.swift */; };
		242D3DB826F027D7006C5852 /* MoviesViewController.swift in Sources */ = {isa = PBXBuildFile; fileRef = 242D3DB626F027D7006C5852 /* MoviesViewController.swift */; };
		242D3DB926F027D7006C5852 /* MoviesViewController.xib in Resources */ = {isa = PBXBuildFile; fileRef = 242D3DB726F027D7006C5852 /* MoviesViewController.xib */; };
		242D3DC126F0393E006C5852 /* MovieCell.swift in Sources */ = {isa = PBXBuildFile; fileRef = 242D3DC026F0393E006C5852 /* MovieCell.swift */; };
		242D3DC726F04215006C5852 /* AlamofireImage in Frameworks */ = {isa = PBXBuildFile; productRef = 242D3DC626F04215006C5852 /* AlamofireImage */; };
		7F23D7D2FA2C6F94D9CE3D46 /* Pods_Flixster_FlixsterUITests.framework in Frameworks */ = {isa = PBXBuildFile; fileRef = E3BCBDE38AE6F438BE665206 /* Pods_Flixster_FlixsterUITests.framework */; };
		D8A3CDF1FFBEC0E6E52A65FE /* Pods_FlixsterTests.framework in Frameworks */ = {isa = PBXBuildFile; fileRef = 4F2304BCB7BAD53A9AE21C0F /* Pods_FlixsterTests.framework */; };
		DC038030AB5F1BD6F8902C16 /* Pods_Flixster.framework in Frameworks */ = {isa = PBXBuildFile; fileRef = 638058183A9B27AA95F540BB /* Pods_Flixster.framework */; };
/* End PBXBuildFile section */

/* Begin PBXContainerItemProxy section */
		242D3D9726F01556006C5852 /* PBXContainerItemProxy */ = {
			isa = PBXContainerItemProxy;
			containerPortal = 242D3D7826F0154C006C5852 /* Project object */;
			proxyType = 1;
			remoteGlobalIDString = 242D3D7F26F0154C006C5852;
			remoteInfo = Flixster;
		};
		242D3DA226F01557006C5852 /* PBXContainerItemProxy */ = {
			isa = PBXContainerItemProxy;
			containerPortal = 242D3D7826F0154C006C5852 /* Project object */;
			proxyType = 1;
			remoteGlobalIDString = 242D3D7F26F0154C006C5852;
			remoteInfo = Flixster;
		};
/* End PBXContainerItemProxy section */

/* Begin PBXFileReference section */
		01A76EB9397D604AF6553E44 /* Pods-Flixster.debug.xcconfig */ = {isa = PBXFileReference; includeInIndex = 1; lastKnownFileType = text.xcconfig; name = "Pods-Flixster.debug.xcconfig"; path = "Target Support Files/Pods-Flixster/Pods-Flixster.debug.xcconfig"; sourceTree = "<group>"; };
		242D3D8026F0154C006C5852 /* Flixster.app */ = {isa = PBXFileReference; explicitFileType = wrapper.application; includeInIndex = 0; path = Flixster.app; sourceTree = BUILT_PRODUCTS_DIR; };
		242D3D8326F0154C006C5852 /* AppDelegate.swift */ = {isa = PBXFileReference; lastKnownFileType = sourcecode.swift; path = AppDelegate.swift; sourceTree = "<group>"; };
		242D3D8526F0154C006C5852 /* SceneDelegate.swift */ = {isa = PBXFileReference; lastKnownFileType = sourcecode.swift; path = SceneDelegate.swift; sourceTree = "<group>"; };
		242D3D8A26F0154C006C5852 /* Base */ = {isa = PBXFileReference; lastKnownFileType = file.storyboard; name = Base; path = Base.lproj/Main.storyboard; sourceTree = "<group>"; };
		242D3D8C26F01556006C5852 /* Assets.xcassets */ = {isa = PBXFileReference; lastKnownFileType = folder.assetcatalog; path = Assets.xcassets; sourceTree = "<group>"; };
		242D3D8F26F01556006C5852 /* Base */ = {isa = PBXFileReference; lastKnownFileType = file.storyboard; name = Base; path = Base.lproj/LaunchScreen.storyboard; sourceTree = "<group>"; };
		242D3D9126F01556006C5852 /* Info.plist */ = {isa = PBXFileReference; lastKnownFileType = text.plist.xml; path = Info.plist; sourceTree = "<group>"; };
		242D3D9626F01556006C5852 /* FlixsterTests.xctest */ = {isa = PBXFileReference; explicitFileType = wrapper.cfbundle; includeInIndex = 0; path = FlixsterTests.xctest; sourceTree = BUILT_PRODUCTS_DIR; };
		242D3D9A26F01556006C5852 /* FlixsterTests.swift */ = {isa = PBXFileReference; lastKnownFileType = sourcecode.swift; path = FlixsterTests.swift; sourceTree = "<group>"; };
		242D3D9C26F01557006C5852 /* Info.plist */ = {isa = PBXFileReference; lastKnownFileType = text.plist.xml; path = Info.plist; sourceTree = "<group>"; };
		242D3DA126F01557006C5852 /* FlixsterUITests.xctest */ = {isa = PBXFileReference; explicitFileType = wrapper.cfbundle; includeInIndex = 0; path = FlixsterUITests.xctest; sourceTree = BUILT_PRODUCTS_DIR; };
		242D3DA526F01557006C5852 /* FlixsterUITests.swift */ = {isa = PBXFileReference; lastKnownFileType = sourcecode.swift; path = FlixsterUITests.swift; sourceTree = "<group>"; };
		242D3DA726F01557006C5852 /* Info.plist */ = {isa = PBXFileReference; lastKnownFileType = text.plist.xml; path = Info.plist; sourceTree = "<group>"; };
		242D3DB626F027D7006C5852 /* MoviesViewController.swift */ = {isa = PBXFileReference; lastKnownFileType = sourcecode.swift; path = MoviesViewController.swift; sourceTree = "<group>"; };
		242D3DB726F027D7006C5852 /* MoviesViewController.xib */ = {isa = PBXFileReference; lastKnownFileType = file.xib; path = MoviesViewController.xib; sourceTree = "<group>"; };
		242D3DC026F0393E006C5852 /* MovieCell.swift */ = {isa = PBXFileReference; lastKnownFileType = sourcecode.swift; path = MovieCell.swift; sourceTree = "<group>"; };
		4F2304BCB7BAD53A9AE21C0F /* Pods_FlixsterTests.framework */ = {isa = PBXFileReference; explicitFileType = wrapper.framework; includeInIndex = 0; path = Pods_FlixsterTests.framework; sourceTree = BUILT_PRODUCTS_DIR; };
		638058183A9B27AA95F540BB /* Pods_Flixster.framework */ = {isa = PBXFileReference; explicitFileType = wrapper.framework; includeInIndex = 0; path = Pods_Flixster.framework; sourceTree = BUILT_PRODUCTS_DIR; };
		988FD1F4BA5B65FFF4E3FFE1 /* Pods-FlixsterTests.debug.xcconfig */ = {isa = PBXFileReference; includeInIndex = 1; lastKnownFileType = text.xcconfig; name = "Pods-FlixsterTests.debug.xcconfig"; path = "Target Support Files/Pods-FlixsterTests/Pods-FlixsterTests.debug.xcconfig"; sourceTree = "<group>"; };
		CF72B83EEFE7E1D04479A54F /* Pods-Flixster-FlixsterUITests.release.xcconfig */ = {isa = PBXFileReference; includeInIndex = 1; lastKnownFileType = text.xcconfig; name = "Pods-Flixster-FlixsterUITests.release.xcconfig"; path = "Target Support Files/Pods-Flixster-FlixsterUITests/Pods-Flixster-FlixsterUITests.release.xcconfig"; sourceTree = "<group>"; };
		D543B462DBBA9CD1FFF12A4A /* Pods-Flixster.release.xcconfig */ = {isa = PBXFileReference; includeInIndex = 1; lastKnownFileType = text.xcconfig; name = "Pods-Flixster.release.xcconfig"; path = "Target Support Files/Pods-Flixster/Pods-Flixster.release.xcconfig"; sourceTree = "<group>"; };
		DE1E82199B3392E8C93C6F3C /* Pods-FlixsterTests.release.xcconfig */ = {isa = PBXFileReference; includeInIndex = 1; lastKnownFileType = text.xcconfig; name = "Pods-FlixsterTests.release.xcconfig"; path = "Target Support Files/Pods-FlixsterTests/Pods-FlixsterTests.release.xcconfig"; sourceTree = "<group>"; };
		E3BCBDE38AE6F438BE665206 /* Pods_Flixster_FlixsterUITests.framework */ = {isa = PBXFileReference; explicitFileType = wrapper.framework; includeInIndex = 0; path = Pods_Flixster_FlixsterUITests.framework; sourceTree = BUILT_PRODUCTS_DIR; };
		E5828A7F4B6D3A2D1B36372C /* Pods-Flixster-FlixsterUITests.debug.xcconfig */ = {isa = PBXFileReference; includeInIndex = 1; lastKnownFileType = text.xcconfig; name = "Pods-Flixster-FlixsterUITests.debug.xcconfig"; path = "Target Support Files/Pods-Flixster-FlixsterUITests/Pods-Flixster-FlixsterUITests.debug.xcconfig"; sourceTree = "<group>"; };
/* End PBXFileReference section */

/* Begin PBXFrameworksBuildPhase section */
		242D3D7D26F0154C006C5852 /* Frameworks */ = {
			isa = PBXFrameworksBuildPhase;
			buildActionMask = 2147483647;
			files = (
				242D3DC726F04215006C5852 /* AlamofireImage in Frameworks */,
				DC038030AB5F1BD6F8902C16 /* Pods_Flixster.framework in Frameworks */,
			);
			runOnlyForDeploymentPostprocessing = 0;
		};
		242D3D9326F01556006C5852 /* Frameworks */ = {
			isa = PBXFrameworksBuildPhase;
			buildActionMask = 2147483647;
			files = (
				D8A3CDF1FFBEC0E6E52A65FE /* Pods_FlixsterTests.framework in Frameworks */,
			);
			runOnlyForDeploymentPostprocessing = 0;
		};
		242D3D9E26F01557006C5852 /* Frameworks */ = {
			isa = PBXFrameworksBuildPhase;
			buildActionMask = 2147483647;
			files = (
				7F23D7D2FA2C6F94D9CE3D46 /* Pods_Flixster_FlixsterUITests.framework in Frameworks */,
			);
			runOnlyForDeploymentPostprocessing = 0;
		};
/* End PBXFrameworksBuildPhase section */

/* Begin PBXGroup section */
		242D3D7726F0154C006C5852 = {
			isa = PBXGroup;
			children = (
				242D3D8226F0154C006C5852 /* Flixster */,
				242D3D9926F01556006C5852 /* FlixsterTests */,
				242D3DA426F01557006C5852 /* FlixsterUITests */,
				242D3D8126F0154C006C5852 /* Products */,
				FA94CE8E57AAAA24961E4412 /* Pods */,
				617CF55577D0A61BFB0A9C48 /* Frameworks */,
			);
			sourceTree = "<group>";
		};
		242D3D8126F0154C006C5852 /* Products */ = {
			isa = PBXGroup;
			children = (
				242D3D8026F0154C006C5852 /* Flixster.app */,
				242D3D9626F01556006C5852 /* FlixsterTests.xctest */,
				242D3DA126F01557006C5852 /* FlixsterUITests.xctest */,
			);
			name = Products;
			sourceTree = "<group>";
		};
		242D3D8226F0154C006C5852 /* Flixster */ = {
			isa = PBXGroup;
			children = (
				242D3D8326F0154C006C5852 /* AppDelegate.swift */,
				242D3D8526F0154C006C5852 /* SceneDelegate.swift */,
				242D3D8926F0154C006C5852 /* Main.storyboard */,
				242D3DC026F0393E006C5852 /* MovieCell.swift */,
				242D3D8C26F01556006C5852 /* Assets.xcassets */,
				242D3D8E26F01556006C5852 /* LaunchScreen.storyboard */,
				242D3D9126F01556006C5852 /* Info.plist */,
				242D3DB626F027D7006C5852 /* MoviesViewController.swift */,
				242D3DB726F027D7006C5852 /* MoviesViewController.xib */,
			);
			path = Flixster;
			sourceTree = "<group>";
		};
		242D3D9926F01556006C5852 /* FlixsterTests */ = {
			isa = PBXGroup;
			children = (
				242D3D9A26F01556006C5852 /* FlixsterTests.swift */,
				242D3D9C26F01557006C5852 /* Info.plist */,
			);
			path = FlixsterTests;
			sourceTree = "<group>";
		};
		242D3DA426F01557006C5852 /* FlixsterUITests */ = {
			isa = PBXGroup;
			children = (
				242D3DA526F01557006C5852 /* FlixsterUITests.swift */,
				242D3DA726F01557006C5852 /* Info.plist */,
			);
			path = FlixsterUITests;
			sourceTree = "<group>";
		};
		617CF55577D0A61BFB0A9C48 /* Frameworks */ = {
			isa = PBXGroup;
			children = (
				638058183A9B27AA95F540BB /* Pods_Flixster.framework */,
				E3BCBDE38AE6F438BE665206 /* Pods_Flixster_FlixsterUITests.framework */,
				4F2304BCB7BAD53A9AE21C0F /* Pods_FlixsterTests.framework */,
			);
			name = Frameworks;
			sourceTree = "<group>";
		};
		FA94CE8E57AAAA24961E4412 /* Pods */ = {
			isa = PBXGroup;
			children = (
				01A76EB9397D604AF6553E44 /* Pods-Flixster.debug.xcconfig */,
				D543B462DBBA9CD1FFF12A4A /* Pods-Flixster.release.xcconfig */,
				E5828A7F4B6D3A2D1B36372C /* Pods-Flixster-FlixsterUITests.debug.xcconfig */,
				CF72B83EEFE7E1D04479A54F /* Pods-Flixster-FlixsterUITests.release.xcconfig */,
				988FD1F4BA5B65FFF4E3FFE1 /* Pods-FlixsterTests.debug.xcconfig */,
				DE1E82199B3392E8C93C6F3C /* Pods-FlixsterTests.release.xcconfig */,
			);
			name = Pods;
			path = Pods;
			sourceTree = "<group>";
		};
/* End PBXGroup section */

/* Begin PBXNativeTarget section */
		242D3D7F26F0154C006C5852 /* Flixster */ = {
			isa = PBXNativeTarget;
			buildConfigurationList = 242D3DAA26F01557006C5852 /* Build configuration list for PBXNativeTarget "Flixster" */;
			buildPhases = (
				4A58A2E107060E1ED02D5FB0 /* [CP] Check Pods Manifest.lock */,
				242D3D7C26F0154C006C5852 /* Sources */,
				242D3D7D26F0154C006C5852 /* Frameworks */,
				242D3D7E26F0154C006C5852 /* Resources */,
				1F3BCBD98168A210E3C44802 /* [CP] Embed Pods Frameworks */,
			);
			buildRules = (
			);
			dependencies = (
			);
			name = Flixster;
			packageProductDependencies = (
				242D3DC626F04215006C5852 /* AlamofireImage */,
			);
			productName = Flixster;
			productReference = 242D3D8026F0154C006C5852 /* Flixster.app */;
			productType = "com.apple.product-type.application";
		};
		242D3D9526F01556006C5852 /* FlixsterTests */ = {
			isa = PBXNativeTarget;
			buildConfigurationList = 242D3DAD26F01557006C5852 /* Build configuration list for PBXNativeTarget "FlixsterTests" */;
			buildPhases = (
				F85D17439F263070FC764A30 /* [CP] Check Pods Manifest.lock */,
				242D3D9226F01556006C5852 /* Sources */,
				242D3D9326F01556006C5852 /* Frameworks */,
				242D3D9426F01556006C5852 /* Resources */,
			);
			buildRules = (
			);
			dependencies = (
				242D3D9826F01556006C5852 /* PBXTargetDependency */,
			);
			name = FlixsterTests;
			productName = FlixsterTests;
			productReference = 242D3D9626F01556006C5852 /* FlixsterTests.xctest */;
			productType = "com.apple.product-type.bundle.unit-test";
		};
		242D3DA026F01557006C5852 /* FlixsterUITests */ = {
			isa = PBXNativeTarget;
			buildConfigurationList = 242D3DB026F01557006C5852 /* Build configuration list for PBXNativeTarget "FlixsterUITests" */;
			buildPhases = (
				DDA6DB781BABECAE1BEBFBB0 /* [CP] Check Pods Manifest.lock */,
				242D3D9D26F01557006C5852 /* Sources */,
				242D3D9E26F01557006C5852 /* Frameworks */,
				242D3D9F26F01557006C5852 /* Resources */,
				FD286DF521B52ECC0DE4751D /* [CP] Embed Pods Frameworks */,
			);
			buildRules = (
			);
			dependencies = (
				242D3DA326F01557006C5852 /* PBXTargetDependency */,
			);
			name = FlixsterUITests;
			productName = FlixsterUITests;
			productReference = 242D3DA126F01557006C5852 /* FlixsterUITests.xctest */;
			productType = "com.apple.product-type.bundle.ui-testing";
		};
/* End PBXNativeTarget section */

/* Begin PBXProject section */
		242D3D7826F0154C006C5852 /* Project object */ = {
			isa = PBXProject;
			attributes = {
				LastSwiftUpdateCheck = 1240;
				LastUpgradeCheck = 1240;
				TargetAttributes = {
					242D3D7F26F0154C006C5852 = {
						CreatedOnToolsVersion = 12.4;
					};
					242D3D9526F01556006C5852 = {
						CreatedOnToolsVersion = 12.4;
						TestTargetID = 242D3D7F26F0154C006C5852;
					};
					242D3DA026F01557006C5852 = {
						CreatedOnToolsVersion = 12.4;
						TestTargetID = 242D3D7F26F0154C006C5852;
					};
				};
			};
			buildConfigurationList = 242D3D7B26F0154C006C5852 /* Build configuration list for PBXProject "Flixster" */;
			compatibilityVersion = "Xcode 9.3";
			developmentRegion = en;
			hasScannedForEncodings = 0;
			knownRegions = (
				en,
				Base,
			);
			mainGroup = 242D3D7726F0154C006C5852;
			packageReferences = (
				242D3DC526F04215006C5852 /* XCRemoteSwiftPackageReference "AlamofireImage" */,
			);
			productRefGroup = 242D3D8126F0154C006C5852 /* Products */;
			projectDirPath = "";
			projectRoot = "";
			targets = (
				242D3D7F26F0154C006C5852 /* Flixster */,
				242D3D9526F01556006C5852 /* FlixsterTests */,
				242D3DA026F01557006C5852 /* FlixsterUITests */,
			);
		};
/* End PBXProject section */

/* Begin PBXResourcesBuildPhase section */
		242D3D7E26F0154C006C5852 /* Resources */ = {
			isa = PBXResourcesBuildPhase;
			buildActionMask = 2147483647;
			files = (
				242D3D9026F01556006C5852 /* LaunchScreen.storyboard in Resources */,
				242D3D8D26F01556006C5852 /* Assets.xcassets in Resources */,
				242D3D8B26F0154C006C5852 /* Main.storyboard in Resources */,
				242D3DB926F027D7006C5852 /* MoviesViewController.xib in Resources */,
			);
			runOnlyForDeploymentPostprocessing = 0;
		};
		242D3D9426F01556006C5852 /* Resources */ = {
			isa = PBXResourcesBuildPhase;
			buildActionMask = 2147483647;
			files = (
			);
			runOnlyForDeploymentPostprocessing = 0;
		};
		242D3D9F26F01557006C5852 /* Resources */ = {
			isa = PBXResourcesBuildPhase;
			buildActionMask = 2147483647;
			files = (
			);
			runOnlyForDeploymentPostprocessing = 0;
		};
/* End PBXResourcesBuildPhase section */

/* Begin PBXShellScriptBuildPhase section */
		1F3BCBD98168A210E3C44802 /* [CP] Embed Pods Frameworks */ = {
			isa = PBXShellScriptBuildPhase;
			buildActionMask = 2147483647;
			files = (
			);
			inputFileListPaths = (
				"${PODS_ROOT}/Target Support Files/Pods-Flixster/Pods-Flixster-frameworks-${CONFIGURATION}-input-files.xcfilelist",
			);
			name = "[CP] Embed Pods Frameworks";
			outputFileListPaths = (
				"${PODS_ROOT}/Target Support Files/Pods-Flixster/Pods-Flixster-frameworks-${CONFIGURATION}-output-files.xcfilelist",
			);
			runOnlyForDeploymentPostprocessing = 0;
			shellPath = /bin/sh;
			shellScript = "\"${PODS_ROOT}/Target Support Files/Pods-Flixster/Pods-Flixster-frameworks.sh\"\n";
			showEnvVarsInLog = 0;
		};
		4A58A2E107060E1ED02D5FB0 /* [CP] Check Pods Manifest.lock */ = {
			isa = PBXShellScriptBuildPhase;
			buildActionMask = 2147483647;
			files = (
			);
			inputFileListPaths = (
			);
			inputPaths = (
				"${PODS_PODFILE_DIR_PATH}/Podfile.lock",
				"${PODS_ROOT}/Manifest.lock",
			);
			name = "[CP] Check Pods Manifest.lock";
			outputFileListPaths = (
			);
			outputPaths = (
				"$(DERIVED_FILE_DIR)/Pods-Flixster-checkManifestLockResult.txt",
			);
			runOnlyForDeploymentPostprocessing = 0;
			shellPath = /bin/sh;
			shellScript = "diff \"${PODS_PODFILE_DIR_PATH}/Podfile.lock\" \"${PODS_ROOT}/Manifest.lock\" > /dev/null\nif [ $? != 0 ] ; then\n    # print error to STDERR\n    echo \"error: The sandbox is not in sync with the Podfile.lock. Run 'pod install' or update your CocoaPods installation.\" >&2\n    exit 1\nfi\n# This output is used by Xcode 'outputs' to avoid re-running this script phase.\necho \"SUCCESS\" > \"${SCRIPT_OUTPUT_FILE_0}\"\n";
			showEnvVarsInLog = 0;
		};
		DDA6DB781BABECAE1BEBFBB0 /* [CP] Check Pods Manifest.lock */ = {
			isa = PBXShellScriptBuildPhase;
			buildActionMask = 2147483647;
			files = (
			);
			inputFileListPaths = (
			);
			inputPaths = (
				"${PODS_PODFILE_DIR_PATH}/Podfile.lock",
				"${PODS_ROOT}/Manifest.lock",
			);
			name = "[CP] Check Pods Manifest.lock";
			outputFileListPaths = (
			);
			outputPaths = (
				"$(DERIVED_FILE_DIR)/Pods-Flixster-FlixsterUITests-checkManifestLockResult.txt",
			);
			runOnlyForDeploymentPostprocessing = 0;
			shellPath = /bin/sh;
			shellScript = "diff \"${PODS_PODFILE_DIR_PATH}/Podfile.lock\" \"${PODS_ROOT}/Manifest.lock\" > /dev/null\nif [ $? != 0 ] ; then\n    # print error to STDERR\n    echo \"error: The sandbox is not in sync with the Podfile.lock. Run 'pod install' or update your CocoaPods installation.\" >&2\n    exit 1\nfi\n# This output is used by Xcode 'outputs' to avoid re-running this script phase.\necho \"SUCCESS\" > \"${SCRIPT_OUTPUT_FILE_0}\"\n";
			showEnvVarsInLog = 0;
		};
		F85D17439F263070FC764A30 /* [CP] Check Pods Manifest.lock */ = {
			isa = PBXShellScriptBuildPhase;
			buildActionMask = 2147483647;
			files = (
			);
			inputFileListPaths = (
			);
			inputPaths = (
				"${PODS_PODFILE_DIR_PATH}/Podfile.lock",
				"${PODS_ROOT}/Manifest.lock",
			);
			name = "[CP] Check Pods Manifest.lock";
			outputFileListPaths = (
			);
			outputPaths = (
				"$(DERIVED_FILE_DIR)/Pods-FlixsterTests-checkManifestLockResult.txt",
			);
			runOnlyForDeploymentPostprocessing = 0;
			shellPath = /bin/sh;
			shellScript = "diff \"${PODS_PODFILE_DIR_PATH}/Podfile.lock\" \"${PODS_ROOT}/Manifest.lock\" > /dev/null\nif [ $? != 0 ] ; then\n    # print error to STDERR\n    echo \"error: The sandbox is not in sync with the Podfile.lock. Run 'pod install' or update your CocoaPods installation.\" >&2\n    exit 1\nfi\n# This output is used by Xcode 'outputs' to avoid re-running this script phase.\necho \"SUCCESS\" > \"${SCRIPT_OUTPUT_FILE_0}\"\n";
			showEnvVarsInLog = 0;
		};
		FD286DF521B52ECC0DE4751D /* [CP] Embed Pods Frameworks */ = {
			isa = PBXShellScriptBuildPhase;
			buildActionMask = 2147483647;
			files = (
			);
			inputFileListPaths = (
				"${PODS_ROOT}/Target Support Files/Pods-Flixster-FlixsterUITests/Pods-Flixster-FlixsterUITests-frameworks-${CONFIGURATION}-input-files.xcfilelist",
			);
			name = "[CP] Embed Pods Frameworks";
			outputFileListPaths = (
				"${PODS_ROOT}/Target Support Files/Pods-Flixster-FlixsterUITests/Pods-Flixster-FlixsterUITests-frameworks-${CONFIGURATION}-output-files.xcfilelist",
			);
			runOnlyForDeploymentPostprocessing = 0;
			shellPath = /bin/sh;
			shellScript = "\"${PODS_ROOT}/Target Support Files/Pods-Flixster-FlixsterUITests/Pods-Flixster-FlixsterUITests-frameworks.sh\"\n";
			showEnvVarsInLog = 0;
		};
/* End PBXShellScriptBuildPhase section */

/* Begin PBXSourcesBuildPhase section */
		242D3D7C26F0154C006C5852 /* Sources */ = {
			isa = PBXSourcesBuildPhase;
			buildActionMask = 2147483647;
			files = (
				242D3D8426F0154C006C5852 /* AppDelegate.swift in Sources */,
				242D3D8626F0154C006C5852 /* SceneDelegate.swift in Sources */,
				242D3DC126F0393E006C5852 /* MovieCell.swift in Sources */,
				242D3DB826F027D7006C5852 /* MoviesViewController.swift in Sources */,
			);
			runOnlyForDeploymentPostprocessing = 0;
		};
		242D3D9226F01556006C5852 /* Sources */ = {
			isa = PBXSourcesBuildPhase;
			buildActionMask = 2147483647;
			files = (
				242D3D9B26F01556006C5852 /* FlixsterTests.swift in Sources */,
			);
			runOnlyForDeploymentPostprocessing = 0;
		};
		242D3D9D26F01557006C5852 /* Sources */ = {
			isa = PBXSourcesBuildPhase;
			buildActionMask = 2147483647;
			files = (
				242D3DA626F01557006C5852 /* FlixsterUITests.swift in Sources */,
			);
			runOnlyForDeploymentPostprocessing = 0;
		};
/* End PBXSourcesBuildPhase section */

/* Begin PBXTargetDependency section */
		242D3D9826F01556006C5852 /* PBXTargetDependency */ = {
			isa = PBXTargetDependency;
			target = 242D3D7F26F0154C006C5852 /* Flixster */;
			targetProxy = 242D3D9726F01556006C5852 /* PBXContainerItemProxy */;
		};
		242D3DA326F01557006C5852 /* PBXTargetDependency */ = {
			isa = PBXTargetDependency;
			target = 242D3D7F26F0154C006C5852 /* Flixster */;
			targetProxy = 242D3DA226F01557006C5852 /* PBXContainerItemProxy */;
		};
/* End PBXTargetDependency section */

/* Begin PBXVariantGroup section */
		242D3D8926F0154C006C5852 /* Main.storyboard */ = {
			isa = PBXVariantGroup;
			children = (
				242D3D8A26F0154C006C5852 /* Base */,
			);
			name = Main.storyboard;
			sourceTree = "<group>";
		};
		242D3D8E26F01556006C5852 /* LaunchScreen.storyboard */ = {
			isa = PBXVariantGroup;
			children = (
				242D3D8F26F01556006C5852 /* Base */,
			);
			name = LaunchScreen.storyboard;
			sourceTree = "<group>";
		};
/* End PBXVariantGroup section */

/* Begin XCBuildConfiguration section */
		242D3DA826F01557006C5852 /* Debug */ = {
			isa = XCBuildConfiguration;
			buildSettings = {
				ALWAYS_SEARCH_USER_PATHS = NO;
				CLANG_ANALYZER_NONNULL = YES;
				CLANG_ANALYZER_NUMBER_OBJECT_CONVERSION = YES_AGGRESSIVE;
				CLANG_CXX_LANGUAGE_STANDARD = "gnu++14";
				CLANG_CXX_LIBRARY = "libc++";
				CLANG_ENABLE_MODULES = YES;
				CLANG_ENABLE_OBJC_ARC = YES;
				CLANG_ENABLE_OBJC_WEAK = YES;
				CLANG_WARN_BLOCK_CAPTURE_AUTORELEASING = YES;
				CLANG_WARN_BOOL_CONVERSION = YES;
				CLANG_WARN_COMMA = YES;
				CLANG_WARN_CONSTANT_CONVERSION = YES;
				CLANG_WARN_DEPRECATED_OBJC_IMPLEMENTATIONS = YES;
				CLANG_WARN_DIRECT_OBJC_ISA_USAGE = YES_ERROR;
				CLANG_WARN_DOCUMENTATION_COMMENTS = YES;
				CLANG_WARN_EMPTY_BODY = YES;
				CLANG_WARN_ENUM_CONVERSION = YES;
				CLANG_WARN_INFINITE_RECURSION = YES;
				CLANG_WARN_INT_CONVERSION = YES;
				CLANG_WARN_NON_LITERAL_NULL_CONVERSION = YES;
				CLANG_WARN_OBJC_IMPLICIT_RETAIN_SELF = YES;
				CLANG_WARN_OBJC_LITERAL_CONVERSION = YES;
				CLANG_WARN_OBJC_ROOT_CLASS = YES_ERROR;
				CLANG_WARN_QUOTED_INCLUDE_IN_FRAMEWORK_HEADER = YES;
				CLANG_WARN_RANGE_LOOP_ANALYSIS = YES;
				CLANG_WARN_STRICT_PROTOTYPES = YES;
				CLANG_WARN_SUSPICIOUS_MOVE = YES;
				CLANG_WARN_UNGUARDED_AVAILABILITY = YES_AGGRESSIVE;
				CLANG_WARN_UNREACHABLE_CODE = YES;
				CLANG_WARN__DUPLICATE_METHOD_MATCH = YES;
				COPY_PHASE_STRIP = NO;
				DEBUG_INFORMATION_FORMAT = dwarf;
				ENABLE_STRICT_OBJC_MSGSEND = YES;
				ENABLE_TESTABILITY = YES;
				GCC_C_LANGUAGE_STANDARD = gnu11;
				GCC_DYNAMIC_NO_PIC = NO;
				GCC_NO_COMMON_BLOCKS = YES;
				GCC_OPTIMIZATION_LEVEL = 0;
				GCC_PREPROCESSOR_DEFINITIONS = (
					"DEBUG=1",
					"$(inherited)",
				);
				GCC_WARN_64_TO_32_BIT_CONVERSION = YES;
				GCC_WARN_ABOUT_RETURN_TYPE = YES_ERROR;
				GCC_WARN_UNDECLARED_SELECTOR = YES;
				GCC_WARN_UNINITIALIZED_AUTOS = YES_AGGRESSIVE;
				GCC_WARN_UNUSED_FUNCTION = YES;
				GCC_WARN_UNUSED_VARIABLE = YES;
				IPHONEOS_DEPLOYMENT_TARGET = 14.4;
				MTL_ENABLE_DEBUG_INFO = INCLUDE_SOURCE;
				MTL_FAST_MATH = YES;
				ONLY_ACTIVE_ARCH = YES;
				SDKROOT = iphoneos;
				SWIFT_ACTIVE_COMPILATION_CONDITIONS = DEBUG;
				SWIFT_OPTIMIZATION_LEVEL = "-Onone";
			};
			name = Debug;
		};
		242D3DA926F01557006C5852 /* Release */ = {
			isa = XCBuildConfiguration;
			buildSettings = {
				ALWAYS_SEARCH_USER_PATHS = NO;
				CLANG_ANALYZER_NONNULL = YES;
				CLANG_ANALYZER_NUMBER_OBJECT_CONVERSION = YES_AGGRESSIVE;
				CLANG_CXX_LANGUAGE_STANDARD = "gnu++14";
				CLANG_CXX_LIBRARY = "libc++";
				CLANG_ENABLE_MODULES = YES;
				CLANG_ENABLE_OBJC_ARC = YES;
				CLANG_ENABLE_OBJC_WEAK = YES;
				CLANG_WARN_BLOCK_CAPTURE_AUTORELEASING = YES;
				CLANG_WARN_BOOL_CONVERSION = YES;
				CLANG_WARN_COMMA = YES;
				CLANG_WARN_CONSTANT_CONVERSION = YES;
				CLANG_WARN_DEPRECATED_OBJC_IMPLEMENTATIONS = YES;
				CLANG_WARN_DIRECT_OBJC_ISA_USAGE = YES_ERROR;
				CLANG_WARN_DOCUMENTATION_COMMENTS = YES;
				CLANG_WARN_EMPTY_BODY = YES;
				CLANG_WARN_ENUM_CONVERSION = YES;
				CLANG_WARN_INFINITE_RECURSION = YES;
				CLANG_WARN_INT_CONVERSION = YES;
				CLANG_WARN_NON_LITERAL_NULL_CONVERSION = YES;
				CLANG_WARN_OBJC_IMPLICIT_RETAIN_SELF = YES;
				CLANG_WARN_OBJC_LITERAL_CONVERSION = YES;
				CLANG_WARN_OBJC_ROOT_CLASS = YES_ERROR;
				CLANG_WARN_QUOTED_INCLUDE_IN_FRAMEWORK_HEADER = YES;
				CLANG_WARN_RANGE_LOOP_ANALYSIS = YES;
				CLANG_WARN_STRICT_PROTOTYPES = YES;
				CLANG_WARN_SUSPICIOUS_MOVE = YES;
				CLANG_WARN_UNGUARDED_AVAILABILITY = YES_AGGRESSIVE;
				CLANG_WARN_UNREACHABLE_CODE = YES;
				CLANG_WARN__DUPLICATE_METHOD_MATCH = YES;
				COPY_PHASE_STRIP = NO;
				DEBUG_INFORMATION_FORMAT = "dwarf-with-dsym";
				ENABLE_NS_ASSERTIONS = NO;
				ENABLE_STRICT_OBJC_MSGSEND = YES;
				GCC_C_LANGUAGE_STANDARD = gnu11;
				GCC_NO_COMMON_BLOCKS = YES;
				GCC_WARN_64_TO_32_BIT_CONVERSION = YES;
				GCC_WARN_ABOUT_RETURN_TYPE = YES_ERROR;
				GCC_WARN_UNDECLARED_SELECTOR = YES;
				GCC_WARN_UNINITIALIZED_AUTOS = YES_AGGRESSIVE;
				GCC_WARN_UNUSED_FUNCTION = YES;
				GCC_WARN_UNUSED_VARIABLE = YES;
				IPHONEOS_DEPLOYMENT_TARGET = 14.4;
				MTL_ENABLE_DEBUG_INFO = NO;
				MTL_FAST_MATH = YES;
				SDKROOT = iphoneos;
				SWIFT_COMPILATION_MODE = wholemodule;
				SWIFT_OPTIMIZATION_LEVEL = "-O";
				VALIDATE_PRODUCT = YES;
			};
			name = Release;
		};
		242D3DAB26F01557006C5852 /* Debug */ = {
			isa = XCBuildConfiguration;
			baseConfigurationReference = 01A76EB9397D604AF6553E44 /* Pods-Flixster.debug.xcconfig */;
			buildSettings = {
				ASSETCATALOG_COMPILER_APPICON_NAME = AppIcon;
				ASSETCATALOG_COMPILER_GLOBAL_ACCENT_COLOR_NAME = AccentColor;
				CODE_SIGN_STYLE = Automatic;
				INFOPLIST_FILE = Flixster/Info.plist;
				LD_RUNPATH_SEARCH_PATHS = (
					"$(inherited)",
					"@executable_path/Frameworks",
				);
				PRODUCT_BUNDLE_IDENTIFIER = memo.com.Flixster;
				PRODUCT_NAME = "$(TARGET_NAME)";
				SWIFT_VERSION = 5.0;
				TARGETED_DEVICE_FAMILY = "1,2";
			};
			name = Debug;
		};
		242D3DAC26F01557006C5852 /* Release */ = {
			isa = XCBuildConfiguration;
			baseConfigurationReference = D543B462DBBA9CD1FFF12A4A /* Pods-Flixster.release.xcconfig */;
			buildSettings = {
				ASSETCATALOG_COMPILER_APPICON_NAME = AppIcon;
				ASSETCATALOG_COMPILER_GLOBAL_ACCENT_COLOR_NAME = AccentColor;
				CODE_SIGN_STYLE = Automatic;
				INFOPLIST_FILE = Flixster/Info.plist;
				LD_RUNPATH_SEARCH_PATHS = (
					"$(inherited)",
					"@executable_path/Frameworks",
				);
				PRODUCT_BUNDLE_IDENTIFIER = memo.com.Flixster;
				PRODUCT_NAME = "$(TARGET_NAME)";
				SWIFT_VERSION = 5.0;
				TARGETED_DEVICE_FAMILY = "1,2";
			};
			name = Release;
		};
		242D3DAE26F01557006C5852 /* Debug */ = {
			isa = XCBuildConfiguration;
			baseConfigurationReference = 988FD1F4BA5B65FFF4E3FFE1 /* Pods-FlixsterTests.debug.xcconfig */;
			buildSettings = {
				ALWAYS_EMBED_SWIFT_STANDARD_LIBRARIES = YES;
				BUNDLE_LOADER = "$(TEST_HOST)";
				CODE_SIGN_STYLE = Automatic;
				INFOPLIST_FILE = FlixsterTests/Info.plist;
				IPHONEOS_DEPLOYMENT_TARGET = 14.4;
				LD_RUNPATH_SEARCH_PATHS = (
					"$(inherited)",
					"@executable_path/Frameworks",
					"@loader_path/Frameworks",
				);
				PRODUCT_BUNDLE_IDENTIFIER = memo.com.FlixsterTests;
				PRODUCT_NAME = "$(TARGET_NAME)";
				SWIFT_VERSION = 5.0;
				TARGETED_DEVICE_FAMILY = "1,2";
				TEST_HOST = "$(BUILT_PRODUCTS_DIR)/Flixster.app/Flixster";
			};
			name = Debug;
		};
		242D3DAF26F01557006C5852 /* Release */ = {
			isa = XCBuildConfiguration;
			baseConfigurationReference = DE1E82199B3392E8C93C6F3C /* Pods-FlixsterTests.release.xcconfig */;
			buildSettings = {
				ALWAYS_EMBED_SWIFT_STANDARD_LIBRARIES = YES;
				BUNDLE_LOADER = "$(TEST_HOST)";
				CODE_SIGN_STYLE = Automatic;
				INFOPLIST_FILE = FlixsterTests/Info.plist;
				IPHONEOS_DEPLOYMENT_TARGET = 14.4;
				LD_RUNPATH_SEARCH_PATHS = (
					"$(inherited)",
					"@executable_path/Frameworks",
					"@loader_path/Frameworks",
				);
				PRODUCT_BUNDLE_IDENTIFIER = memo.com.FlixsterTests;
				PRODUCT_NAME = "$(TARGET_NAME)";
				SWIFT_VERSION = 5.0;
				TARGETED_DEVICE_FAMILY = "1,2";
				TEST_HOST = "$(BUILT_PRODUCTS_DIR)/Flixster.app/Flixster";
			};
			name = Release;
		};
		242D3DB126F01557006C5852 /* Debug */ = {
			isa = XCBuildConfiguration;
			baseConfigurationReference = E5828A7F4B6D3A2D1B36372C /* Pods-Flixster-FlixsterUITests.debug.xcconfig */;
			buildSettings = {
				ALWAYS_EMBED_SWIFT_STANDARD_LIBRARIES = YES;
				CODE_SIGN_STYLE = Automatic;
				INFOPLIST_FILE = FlixsterUITests/Info.plist;
				LD_RUNPATH_SEARCH_PATHS = (
					"$(inherited)",
					"@executable_path/Frameworks",
					"@loader_path/Frameworks",
				);
				PRODUCT_BUNDLE_IDENTIFIER = memo.com.FlixsterUITests;
				PRODUCT_NAME = "$(TARGET_NAME)";
				SWIFT_VERSION = 5.0;
				TARGETED_DEVICE_FAMILY = "1,2";
				TEST_TARGET_NAME = Flixster;
			};
			name = Debug;
		};
		242D3DB226F01557006C5852 /* Release */ = {
			isa = XCBuildConfiguration;
			baseConfigurationReference = CF72B83EEFE7E1D04479A54F /* Pods-Flixster-FlixsterUITests.release.xcconfig */;
			buildSettings = {
				ALWAYS_EMBED_SWIFT_STANDARD_LIBRARIES = YES;
				CODE_SIGN_STYLE = Automatic;
				INFOPLIST_FILE = FlixsterUITests/Info.plist;
				LD_RUNPATH_SEARCH_PATHS = (
					"$(inherited)",
					"@executable_path/Frameworks",
					"@loader_path/Frameworks",
				);
				PRODUCT_BUNDLE_IDENTIFIER = memo.com.FlixsterUITests;
				PRODUCT_NAME = "$(TARGET_NAME)";
				SWIFT_VERSION = 5.0;
				TARGETED_DEVICE_FAMILY = "1,2";
				TEST_TARGET_NAME = Flixster;
			};
			name = Release;
		};
/* End XCBuildConfiguration section */

/* Begin XCConfigurationList section */
		242D3D7B26F0154C006C5852 /* Build configuration list for PBXProject "Flixster" */ = {
			isa = XCConfigurationList;
			buildConfigurations = (
				242D3DA826F01557006C5852 /* Debug */,
				242D3DA926F01557006C5852 /* Release */,
			);
			defaultConfigurationIsVisible = 0;
			defaultConfigurationName = Release;
		};
		242D3DAA26F01557006C5852 /* Build configuration list for PBXNativeTarget "Flixster" */ = {
			isa = XCConfigurationList;
			buildConfigurations = (
				242D3DAB26F01557006C5852 /* Debug */,
				242D3DAC26F01557006C5852 /* Release */,
			);
			defaultConfigurationIsVisible = 0;
			defaultConfigurationName = Release;
		};
		242D3DAD26F01557006C5852 /* Build configuration list for PBXNativeTarget "FlixsterTests" */ = {
			isa = XCConfigurationList;
			buildConfigurations = (
				242D3DAE26F01557006C5852 /* Debug */,
				242D3DAF26F01557006C5852 /* Release */,
			);
			defaultConfigurationIsVisible = 0;
			defaultConfigurationName = Release;
		};
		242D3DB026F01557006C5852 /* Build configuration list for PBXNativeTarget "FlixsterUITests" */ = {
			isa = XCConfigurationList;
			buildConfigurations = (
				242D3DB126F01557006C5852 /* Debug */,
				242D3DB226F01557006C5852 /* Release */,
			);
			defaultConfigurationIsVisible = 0;
			defaultConfigurationName = Release;
		};
/* End XCConfigurationList section */

/* Begin XCRemoteSwiftPackageReference section */
		242D3DC526F04215006C5852 /* XCRemoteSwiftPackageReference "AlamofireImage" */ = {
			isa = XCRemoteSwiftPackageReference;
			repositoryURL = "https://github.com/Alamofire/AlamofireImage";
			requirement = {
				kind = upToNextMajorVersion;
				minimumVersion = 4.2.0;
			};
		};
/* End XCRemoteSwiftPackageReference section */

/* Begin XCSwiftPackageProductDependency section */
		242D3DC626F04215006C5852 /* AlamofireImage */ = {
			isa = XCSwiftPackageProductDependency;
			package = 242D3DC526F04215006C5852 /* XCRemoteSwiftPackageReference "AlamofireImage" */;
			productName = AlamofireImage;
		};
/* End XCSwiftPackageProductDependency section */
	};
	rootObject = 242D3D7826F0154C006C5852 /* Project object */;
}
